
Microsoft Visual Studio Solution File, Format Version 12.00
# Visual Studio 2013
VisualStudioVersion = 12.0.31101.0
MinimumVisualStudioVersion = 10.0.40219.1
Project("{FAE04EC0-301F-11D3-BF4B-00C04F79EFBC}") = "SentinelServiceLibrary", "SentinelServiceLibrary\SentinelServiceLibrary.csproj", "{53ACF020-CF41-4D24-9C34-F40C38D80621}"
EndProject
Project("{FAE04EC0-301F-11D3-BF4B-00C04F79EFBC}") = "SentinelServer", "SentinelServer\SentinelServer.csproj", "{88E4BD00-78DF-49C0-BEF3-6DB47CEA7804}"
EndProject
Project("{FAE04EC0-301F-11D3-BF4B-00C04F79EFBC}") = "SentinelClient", "SentinelClient\SentinelClient.csproj", "{406E2434-D450-4A7A-9E15-758965C986C4}"
EndProject
Project("{FAE04EC0-301F-11D3-BF4B-00C04F79EFBC}") = "SentinelMainStartup", "SentinelMainStartup\SentinelMainStartup.csproj", "{941F654C-1831-499A-AE48-BF9F1060D202}"
EndProject
Global
	GlobalSection(SolutionConfigurationPlatforms) = preSolution
		Debug|Any CPU = Debug|Any CPU
		Release|Any CPU = Release|Any CPU
	EndGlobalSection
	GlobalSection(ProjectConfigurationPlatforms) = postSolution
		{53ACF020-CF41-4D24-9C34-F40C38D80621}.Debug|Any CPU.ActiveCfg = Debug|Any CPU
		{53ACF020-CF41-4D24-9C34-F40C38D80621}.Debug|Any CPU.Build.0 = Debug|Any CPU
		{53ACF020-CF41-4D24-9C34-F40C38D80621}.Release|Any CPU.ActiveCfg = Release|Any CPU
		{53ACF020-CF41-4D24-9C34-F40C38D80621}.Release|Any CPU.Build.0 = Release|Any CPU
		{88E4BD00-78DF-49C0-BEF3-6DB47CEA7804}.Debug|Any CPU.ActiveCfg = Debug|Any CPU
		{88E4BD00-78DF-49C0-BEF3-6DB47CEA7804}.Debug|Any CPU.Build.0 = Debug|Any CPU
		{88E4BD00-78DF-49C0-BEF3-6DB47CEA7804}.Release|Any CPU.ActiveCfg = Release|Any CPU
		{88E4BD00-78DF-49C0-BEF3-6DB47CEA7804}.Release|Any CPU.Build.0 = Release|Any CPU
		{406E2434-D450-4A7A-9E15-758965C986C4}.Debug|Any CPU.ActiveCfg = Debug|Any CPU
		{406E2434-D450-4A7A-9E15-758965C986C4}.Debug|Any CPU.Build.0 = Debug|Any CPU
		{406E2434-D450-4A7A-9E15-758965C986C4}.Release|Any CPU.ActiveCfg = Release|Any CPU
		{406E2434-D450-4A7A-9E15-758965C986C4}.Release|Any CPU.Build.0 = Release|Any CPU
		{941F654C-1831-499A-AE48-BF9F1060D202}.Debug|Any CPU.ActiveCfg = Debug|Any CPU
		{941F654C-1831-499A-AE48-BF9F1060D202}.Debug|Any CPU.Build.0 = Debug|Any CPU
		{941F654C-1831-499A-AE48-BF9F1060D202}.Release|Any CPU.ActiveCfg = Release|Any CPU
		{941F654C-1831-499A-AE48-BF9F1060D202}.Release|Any CPU.Build.0 = Release|Any CPU
	EndGlobalSection
	GlobalSection(SolutionProperties) = preSolution
		HideSolutionNode = FALSE
	EndGlobalSection
EndGlobal
